
Microsoft Visual Studio Solution File, Format Version 12.00
# Visual Studio Version 16
VisualStudioVersion = 16.0.32126.315
MinimumVisualStudioVersion = 10.0.40219.1
Project("{FAE04EC0-301F-11D3-BF4B-00C04F79EFBC}") = "UniversityManagementSystem", "UniversityManagementSystem\UniversityManagementSystem.csproj", "{34A817E2-A475-4664-B5E6-5CD3556A6B87}"
EndProject
Project("{FAE04EC0-301F-11D3-BF4B-00C04F79EFBC}") = "DataAccess", "DataAccess\DataAccess.csproj", "{ED12FA32-8DC4-4D38-8CFF-30C4DCB9C711}"
EndProject
Project("{FAE04EC0-301F-11D3-BF4B-00C04F79EFBC}") = "BusinessLogic", "BusinessLogic\BusinessLogic.csproj", "{8F2B10C0-02A4-49DE-B462-B0EFE4D50E49}"
EndProject
Global
	GlobalSection(SolutionConfigurationPlatforms) = preSolution
		Debug|Any CPU = Debug|Any CPU
		Release|Any CPU = Release|Any CPU
	EndGlobalSection
	GlobalSection(ProjectConfigurationPlatforms) = postSolution
		{34A817E2-A475-4664-B5E6-5CD3556A6B87}.Debug|Any CPU.ActiveCfg = Debug|Any CPU
		{34A817E2-A475-4664-B5E6-5CD3556A6B87}.Debug|Any CPU.Build.0 = Debug|Any CPU
		{34A817E2-A475-4664-B5E6-5CD3556A6B87}.Release|Any CPU.ActiveCfg = Release|Any CPU
		{34A817E2-A475-4664-B5E6-5CD3556A6B87}.Release|Any CPU.Build.0 = Release|Any CPU
		{ED12FA32-8DC4-4D38-8CFF-30C4DCB9C711}.Debug|Any CPU.ActiveCfg = Debug|Any CPU
		{ED12FA32-8DC4-4D38-8CFF-30C4DCB9C711}.Debug|Any CPU.Build.0 = Debug|Any CPU
		{ED12FA32-8DC4-4D38-8CFF-30C4DCB9C711}.Release|Any CPU.ActiveCfg = Release|Any CPU
		{ED12FA32-8DC4-4D38-8CFF-30C4DCB9C711}.Release|Any CPU.Build.0 = Release|Any CPU
		{8F2B10C0-02A4-49DE-B462-B0EFE4D50E49}.Debug|Any CPU.ActiveCfg = Debug|Any CPU
		{8F2B10C0-02A4-49DE-B462-B0EFE4D50E49}.Debug|Any CPU.Build.0 = Debug|Any CPU
		{8F2B10C0-02A4-49DE-B462-B0EFE4D50E49}.Release|Any CPU.ActiveCfg = Release|Any CPU
		{8F2B10C0-02A4-49DE-B462-B0EFE4D50E49}.Release|Any CPU.Build.0 = Release|Any CPU
	EndGlobalSection
	GlobalSection(SolutionProperties) = preSolution
		HideSolutionNode = FALSE
	EndGlobalSection
	GlobalSection(ExtensibilityGlobals) = postSolution
		SolutionGuid = {D9C5FF57-2379-4C59-98B4-CE80A00FC6C5}
	EndGlobalSection
EndGlobal
